Microsoft Visual Studio Solution File, Format Version 12.00
Project("{FAE04EC0-301F-11D3-BF4B-00C04F79EFBC}") = "DotnetTemplate.Api", "src\DotnetTemplate.Api\DotnetTemplate.Api.csproj", "{4E794E3E-06EF-4913-98A3-3C363EC572D2}"
EndProject
Project("{FAE04EC0-301F-11D3-BF4B-00C04F79EFBC}") = "DotnetTemplate.Application", "src\DotnetTemplate.Application\DotnetTemplate.Application.csproj", "{3D0198D7-F85E-4E7B-88E8-03F7635F4C14}"
EndProject
Project("{FAE04EC0-301F-11D3-BF4B-00C04F79EFBC}") = "DotnetTemplate.Infrastructure", "src\DotnetTemplate.Infrastructure\DotnetTemplate.Infrastructure.csproj", "{0E744A6A-9AAF-4F78-B054-17D356F56686}"
EndProject
Project("{FAE04EC0-301F-11D3-BF4B-00C04F79EFBC}") = "DotnetTemplate.Domain", "src\DotnetTemplate.Domain\DotnetTemplate.Domain.csproj", "{5B411BC2-85EA-4E08-96E9-3C653D402AFF}"
EndProject
Project("{2150E333-8FDC-42A3-9474-1A3956D46DE8}") = "src", "src", "{637FF9FF-D48E-4C22-A80B-1A6AE818C681}"
EndProject
Project("{2150E333-8FDC-42A3-9474-1A3956D46DE8}") = "tests", "tests", "{B2BB4FEF-3B1D-425B-90EC-0A2C62BBA0E7}"
EndProject
Project("{FAE04EC0-301F-11D3-BF4B-00C04F79EFBC}") = "DotnetTemplate.Tests", "tests\DotnetTemplate.Tests\DotnetTemplate.Tests.csproj", "{D50A8DEF-21D5-4396-AF27-4298D9BC7B2A}"
EndProject
Global
	GlobalSection(SolutionConfigurationPlatforms) = preSolution
		Debug|Any CPU = Debug|Any CPU
		Release|Any CPU = Release|Any CPU
	EndGlobalSection
	GlobalSection(ProjectConfigurationPlatforms) = postSolution
		{4E794E3E-06EF-4913-98A3-3C363EC572D2}.Debug|Any CPU.ActiveCfg = Debug|Any CPU
		{4E794E3E-06EF-4913-98A3-3C363EC572D2}.Debug|Any CPU.Build.0 = Debug|Any CPU
		{4E794E3E-06EF-4913-98A3-3C363EC572D2}.Release|Any CPU.ActiveCfg = Release|Any CPU
		{4E794E3E-06EF-4913-98A3-3C363EC572D2}.Release|Any CPU.Build.0 = Release|Any CPU
		{3D0198D7-F85E-4E7B-88E8-03F7635F4C14}.Debug|Any CPU.ActiveCfg = Debug|Any CPU
		{3D0198D7-F85E-4E7B-88E8-03F7635F4C14}.Debug|Any CPU.Build.0 = Debug|Any CPU
		{3D0198D7-F85E-4E7B-88E8-03F7635F4C14}.Release|Any CPU.ActiveCfg = Release|Any CPU
		{3D0198D7-F85E-4E7B-88E8-03F7635F4C14}.Release|Any CPU.Build.0 = Release|Any CPU
		{0E744A6A-9AAF-4F78-B054-17D356F56686}.Debug|Any CPU.ActiveCfg = Debug|Any CPU
		{0E744A6A-9AAF-4F78-B054-17D356F56686}.Debug|Any CPU.Build.0 = Debug|Any CPU
		{0E744A6A-9AAF-4F78-B054-17D356F56686}.Release|Any CPU.ActiveCfg = Release|Any CPU
		{0E744A6A-9AAF-4F78-B054-17D356F56686}.Release|Any CPU.Build.0 = Release|Any CPU
		{5B411BC2-85EA-4E08-96E9-3C653D402AFF}.Debug|Any CPU.ActiveCfg = Debug|Any CPU
		{5B411BC2-85EA-4E08-96E9-3C653D402AFF}.Debug|Any CPU.Build.0 = Debug|Any CPU
		{5B411BC2-85EA-4E08-96E9-3C653D402AFF}.Release|Any CPU.ActiveCfg = Release|Any CPU
		{5B411BC2-85EA-4E08-96E9-3C653D402AFF}.Release|Any CPU.Build.0 = Release|Any CPU
		{D50A8DEF-21D5-4396-AF27-4298D9BC7B2A}.Debug|Any CPU.ActiveCfg = Debug|Any CPU
		{D50A8DEF-21D5-4396-AF27-4298D9BC7B2A}.Debug|Any CPU.Build.0 = Debug|Any CPU
		{D50A8DEF-21D5-4396-AF27-4298D9BC7B2A}.Release|Any CPU.ActiveCfg = Release|Any CPU
		{D50A8DEF-21D5-4396-AF27-4298D9BC7B2A}.Release|Any CPU.Build.0 = Release|Any CPU
	EndGlobalSection
	GlobalSection(NestedProjects) = preSolution
		{4E794E3E-06EF-4913-98A3-3C363EC572D2} = {637FF9FF-D48E-4C22-A80B-1A6AE818C681}
		{3D0198D7-F85E-4E7B-88E8-03F7635F4C14} = {637FF9FF-D48E-4C22-A80B-1A6AE818C681}
		{5B411BC2-85EA-4E08-96E9-3C653D402AFF} = {637FF9FF-D48E-4C22-A80B-1A6AE818C681}
		{0E744A6A-9AAF-4F78-B054-17D356F56686} = {637FF9FF-D48E-4C22-A80B-1A6AE818C681}
		{D50A8DEF-21D5-4396-AF27-4298D9BC7B2A} = {B2BB4FEF-3B1D-425B-90EC-0A2C62BBA0E7}
	EndGlobalSection
EndGlobal
