Microsoft Visual Studio Solution File, Format Version 12.00
Project("{FAE04EC0-301F-11D3-BF4B-00C04F79EFBC}") = "DotnetTemplate.Web.Api", "src\DotnetTemplate.Web.Api\DotnetTemplate.Web.Api.csproj", "{4E794E3E-06EF-4913-98A3-3C363EC572D2}"
EndProject
Global
	GlobalSection(SolutionConfigurationPlatforms) = preSolution
		Debug|Any CPU = Debug|Any CPU
		Release|Any CPU = Release|Any CPU
	EndGlobalSection
	GlobalSection(ProjectConfigurationPlatforms) = postSolution
		{4E794E3E-06EF-4913-98A3-3C363EC572D2}.Debug|Any CPU.ActiveCfg = Debug|Any CPU
		{4E794E3E-06EF-4913-98A3-3C363EC572D2}.Debug|Any CPU.Build.0 = Debug|Any CPU
		{4E794E3E-06EF-4913-98A3-3C363EC572D2}.Release|Any CPU.ActiveCfg = Release|Any CPU
		{4E794E3E-06EF-4913-98A3-3C363EC572D2}.Release|Any CPU.Build.0 = Release|Any CPU
	EndGlobalSection
EndGlobal
